
Microsoft Visual Studio Solution File, Format Version 12.00
# Visual Studio 15
VisualStudioVersion = 15.0.28307.1267
MinimumVisualStudioVersion = 10.0.40219.1
Project("{FAE04EC0-301F-11D3-BF4B-00C04F79EFBC}") = "WcfService1", "WcfService1\WcfService1.csproj", "{BB39A28C-8B95-4DF4-8633-A7C900FEA6F4}"
EndProject
Global
	GlobalSection(SolutionConfigurationPlatforms) = preSolution
		Debug|Any CPU = Debug|Any CPU
		Release|Any CPU = Release|Any CPU
	EndGlobalSection
	GlobalSection(ProjectConfigurationPlatforms) = postSolution
		{BB39A28C-8B95-4DF4-8633-A7C900FEA6F4}.Debug|Any CPU.ActiveCfg = Debug|Any CPU
		{BB39A28C-8B95-4DF4-8633-A7C900FEA6F4}.Debug|Any CPU.Build.0 = Debug|Any CPU
		{BB39A28C-8B95-4DF4-8633-A7C900FEA6F4}.Release|Any CPU.ActiveCfg = Release|Any CPU
		{BB39A28C-8B95-4DF4-8633-A7C900FEA6F4}.Release|Any CPU.Build.0 = Release|Any CPU
	EndGlobalSection
	GlobalSection(SolutionProperties) = preSolution
		HideSolutionNode = FALSE
	EndGlobalSection
	GlobalSection(ExtensibilityGlobals) = postSolution
		SolutionGuid = {CA687700-41A1-4015-8778-90D59E81762C}
	EndGlobalSection
EndGlobal
